{
  "nodes": {
    "flake-utils": {
      "locked": {
        "lastModified": 1634851050,
        "narHash": "sha256-N83GlSGPJJdcqhUxSCS/WwW5pksYf3VP1M13cDRTSVA=",
        "owner": "numtide",
        "repo": "flake-utils",
        "rev": "c91f3de5adaf1de973b797ef7485e441a65b8935",
        "type": "github"
      },
      "original": {
        "owner": "numtide",
        "repo": "flake-utils",
        "type": "github"
      }
    },
    "flake-utils_2": {
      "locked": {
        "lastModified": 1631561581,
        "narHash": "sha256-3VQMV5zvxaVLvqqUrNz3iJelLw30mIVSfZmAaauM3dA=",
        "owner": "numtide",
        "repo": "flake-utils",
        "rev": "7e5bf3925f6fbdfaf50a2a7ca0be2879c4261d19",
        "type": "github"
      },
      "original": {
        "owner": "numtide",
        "repo": "flake-utils",
        "type": "github"
      }
    },
    "nixpkgs": {
      "locked": {
        "lastModified": 1635933255,
        "narHash": "sha256-cR4jRaog5/o5U0No0wNVgokfJma9vuiZhtcu3CUcb1M=",
        "owner": "nixos",
        "repo": "nixpkgs",
        "rev": "2fd5c69fa6057870687a6589a8c95da955188f91",
        "type": "github"
      },
      "original": {
        "owner": "nixos",
        "ref": "nixos-21.05",
        "repo": "nixpkgs",
        "type": "github"
      }
    },
    "nixpkgs-unstable": {
      "locked": {
        "lastModified": 1635934775,
        "narHash": "sha256-DUkBfZjgeefgqyvFxnkZiOOWXgHP5Y1oKp/Zm+LT05Y=",
        "owner": "nixos",
        "repo": "nixpkgs",
        "rev": "4789953e5c1ef6d10e3ff437e5b7ab8eed526942",
        "type": "github"
      },
      "original": {
        "owner": "nixos",
        "ref": "nixpkgs-unstable",
        "repo": "nixpkgs",
        "type": "github"
      }
    },
    "root": {
      "inputs": {
        "flake-utils": "flake-utils",
        "nixpkgs": "nixpkgs",
        "nixpkgs-unstable": "nixpkgs-unstable",
        "terranix": "terranix"
      }
    },
    "terranix": {
      "inputs": {
        "flake-utils": "flake-utils_2",
        "nixpkgs": [
          "nixpkgs"
        ],
        "terranix-examples": "terranix-examples"
      },
      "locked": {
        "lastModified": 1633870896,
        "narHash": "sha256-3N4a5VhZqIgJW11w8oJKJ9T8mhfwEM33kEwV/zZkCs8=",
        "owner": "terranix",
        "repo": "terranix",
        "rev": "246aac5ab11cbd97b5bfbc7047e07c8fc0c78b90",
        "type": "github"
      },
      "original": {
        "owner": "terranix",
        "repo": "terranix",
        "type": "github"
      }
    },
    "terranix-examples": {
      "locked": {
        "lastModified": 1633460746,
        "narHash": "sha256-4xvhK7DzFX2BA6aafcOsWZmuhzQYRtHcLqel1VEXv6s=",
        "owner": "terranix",
        "repo": "terranix-examples",
        "rev": "c6f88d372750c28ff0bf49e1360efda904d12da0",
        "type": "github"
      },
      "original": {
        "owner": "terranix",
        "repo": "terranix-examples",
        "type": "github"
      }
    }
  },
  "root": "root",
  "version": 7
}
